{
  "name": "bdk-wasm",
  "lockfileVersion": 3,
  "requires": true,
  "packages": {
    "": {
      "devDependencies": {
        "bitcoindevkit": "0.1.3"
      }
    },
    "node_modules/bitcoindevkit": {
      "version": "0.1.3",
      "resolved": "https://registry.npmjs.org/bitcoindevkit/-/bitcoindevkit-0.1.3.tgz",
      "integrity": "sha512-lx3CYe/RqX4LvHKSGJEyUX1moWv0t6G750seTcWi2/BiXwBLsl73Vq7QYuVHcK1HtCUI9+h/xAXPi8HDOAHhyQ==",
      "dev": true
    }
  }
}
